// !$*UTF8*$!
{
	archiveVersion = 1;
	classes = {
	};
	objectVersion = 46;
	objects = {

/* Begin PBXBuildFile section */
		24689E5B18F8E38300C198F0 /* Foundation.framework in Frameworks */ = {isa = PBXBuildFile; fileRef = 24689E5A18F8E38300C198F0 /* Foundation.framework */; };
		24689E5D18F8E38300C198F0 /* CoreGraphics.framework in Frameworks */ = {isa = PBXBuildFile; fileRef = 24689E5C18F8E38300C198F0 /* CoreGraphics.framework */; };
		24689E5F18F8E38300C198F0 /* UIKit.framework in Frameworks */ = {isa = PBXBuildFile; fileRef = 24689E5E18F8E38300C198F0 /* UIKit.framework */; };
		24689E6518F8E38300C198F0 /* InfoPlist.strings in Resources */ = {isa = PBXBuildFile; fileRef = 24689E6318F8E38300C198F0 /* InfoPlist.strings */; };
		24689E6718F8E38300C198F0 /* main.m in Sources */ = {isa = PBXBuildFile; fileRef = 24689E6618F8E38300C198F0 /* main.m */; };
		24689E6B18F8E38300C198F0 /* SBAppDelegate.m in Sources */ = {isa = PBXBuildFile; fileRef = 24689E6A18F8E38300C198F0 /* SBAppDelegate.m */; };
		24689E6E18F8E38300C198F0 /* Main.storyboard in Resources */ = {isa = PBXBuildFile; fileRef = 24689E6C18F8E38300C198F0 /* Main.storyboard */; };
		24689E7118F8E38300C198F0 /* SBViewController.m in Sources */ = {isa = PBXBuildFile; fileRef = 24689E7018F8E38300C198F0 /* SBViewController.m */; };
		24689E7318F8E38300C198F0 /* Images.xcassets in Resources */ = {isa = PBXBuildFile; fileRef = 24689E7218F8E38300C198F0 /* Images.xcassets */; };
		24689E7A18F8E38300C198F0 /* XCTest.framework in Frameworks */ = {isa = PBXBuildFile; fileRef = 24689E7918F8E38300C198F0 /* XCTest.framework */; };
		24689E7B18F8E38300C198F0 /* Foundation.framework in Frameworks */ = {isa = PBXBuildFile; fileRef = 24689E5A18F8E38300C198F0 /* Foundation.framework */; };
		24689E7C18F8E38300C198F0 /* UIKit.framework in Frameworks */ = {isa = PBXBuildFile; fileRef = 24689E5E18F8E38300C198F0 /* UIKit.framework */; };
		24689E8418F8E38300C198F0 /* InfoPlist.strings in Resources */ = {isa = PBXBuildFile; fileRef = 24689E8218F8E38300C198F0 /* InfoPlist.strings */; };
		24689E8618F8E38300C198F0 /* ShotBotBlueDrinkTests.m in Sources */ = {isa = PBXBuildFile; fileRef = 24689E8518F8E38300C198F0 /* ShotBotBlueDrinkTests.m */; };
		24A593D718F93E360091D5A0 /* ShotBotLaunch@2x.png in Resources */ = {isa = PBXBuildFile; fileRef = 24A593D618F93E360091D5A0 /* ShotBotLaunch@2x.png */; };
		73BD7FBC4C6E4C0785C4328B /* libPods.a in Frameworks */ = {isa = PBXBuildFile; fileRef = 96453AA637FD4B1B89DF4C39 /* libPods.a */; };
		D89525BE1902ED920010F21D /* SBCustomDrinkViewController.m in Sources */ = {isa = PBXBuildFile; fileRef = D89525BD1902ED920010F21D /* SBCustomDrinkViewController.m */; };
/* End PBXBuildFile section */

/* Begin PBXContainerItemProxy section */
		24689E7D18F8E38300C198F0 /* PBXContainerItemProxy */ = {
			isa = PBXContainerItemProxy;
			containerPortal = 24689E4F18F8E38300C198F0 /* Project object */;
			proxyType = 1;
			remoteGlobalIDString = 24689E5618F8E38300C198F0;
			remoteInfo = ShotBotBlueDrink;
		};
/* End PBXContainerItemProxy section */

/* Begin PBXFileReference section */
		24689E5718F8E38300C198F0 /* Shotbot I'm Thirsty.app */ = {isa = PBXFileReference; explicitFileType = wrapper.application; includeInIndex = 0; path = "Shotbot I'm Thirsty.app"; sourceTree = BUILT_PRODUCTS_DIR; };
		24689E5A18F8E38300C198F0 /* Foundation.framework */ = {isa = PBXFileReference; lastKnownFileType = wrapper.framework; name = Foundation.framework; path = System/Library/Frameworks/Foundation.framework; sourceTree = SDKROOT; };
		24689E5C18F8E38300C198F0 /* CoreGraphics.framework */ = {isa = PBXFileReference; lastKnownFileType = wrapper.framework; name = CoreGraphics.framework; path = System/Library/Frameworks/CoreGraphics.framework; sourceTree = SDKROOT; };
		24689E5E18F8E38300C198F0 /* UIKit.framework */ = {isa = PBXFileReference; lastKnownFileType = wrapper.framework; name = UIKit.framework; path = System/Library/Frameworks/UIKit.framework; sourceTree = SDKROOT; };
		24689E6218F8E38300C198F0 /* Shotbot I'm Thirsty-Info.plist */ = {isa = PBXFileReference; lastKnownFileType = text.plist.xml; path = "Shotbot I'm Thirsty-Info.plist"; sourceTree = "<group>"; };
		24689E6418F8E38300C198F0 /* en */ = {isa = PBXFileReference; lastKnownFileType = text.plist.strings; name = en; path = en.lproj/InfoPlist.strings; sourceTree = "<group>"; };
		24689E6618F8E38300C198F0 /* main.m */ = {isa = PBXFileReference; lastKnownFileType = sourcecode.c.objc; path = main.m; sourceTree = "<group>"; };
		24689E6818F8E38300C198F0 /* Shotbot I'm Thirsty-Prefix.pch */ = {isa = PBXFileReference; lastKnownFileType = sourcecode.c.h; path = "Shotbot I'm Thirsty-Prefix.pch"; sourceTree = "<group>"; };
		24689E6918F8E38300C198F0 /* SBAppDelegate.h */ = {isa = PBXFileReference; lastKnownFileType = sourcecode.c.h; path = SBAppDelegate.h; sourceTree = "<group>"; };
		24689E6A18F8E38300C198F0 /* SBAppDelegate.m */ = {isa = PBXFileReference; lastKnownFileType = sourcecode.c.objc; path = SBAppDelegate.m; sourceTree = "<group>"; };
		24689E6D18F8E38300C198F0 /* Base */ = {isa = PBXFileReference; lastKnownFileType = file.storyboard; name = Base; path = Base.lproj/Main.storyboard; sourceTree = "<group>"; };
		24689E6F18F8E38300C198F0 /* SBViewController.h */ = {isa = PBXFileReference; lastKnownFileType = sourcecode.c.h; path = SBViewController.h; sourceTree = "<group>"; };
		24689E7018F8E38300C198F0 /* SBViewController.m */ = {isa = PBXFileReference; lastKnownFileType = sourcecode.c.objc; path = SBViewController.m; sourceTree = "<group>"; };
		24689E7218F8E38300C198F0 /* Images.xcassets */ = {isa = PBXFileReference; lastKnownFileType = folder.assetcatalog; path = Images.xcassets; sourceTree = "<group>"; };
		24689E7818F8E38300C198F0 /* Shotbot I'm ThirstyTests.xctest */ = {isa = PBXFileReference; explicitFileType = wrapper.cfbundle; includeInIndex = 0; path = "Shotbot I'm ThirstyTests.xctest"; sourceTree = BUILT_PRODUCTS_DIR; };
		24689E7918F8E38300C198F0 /* XCTest.framework */ = {isa = PBXFileReference; lastKnownFileType = wrapper.framework; name = XCTest.framework; path = Library/Frameworks/XCTest.framework; sourceTree = DEVELOPER_DIR; };
		24689E8118F8E38300C198F0 /* Shotbot I'm ThirstyTests-Info.plist */ = {isa = PBXFileReference; lastKnownFileType = text.plist.xml; path = "Shotbot I'm ThirstyTests-Info.plist"; sourceTree = "<group>"; };
		24689E8318F8E38300C198F0 /* en */ = {isa = PBXFileReference; lastKnownFileType = text.plist.strings; name = en; path = en.lproj/InfoPlist.strings; sourceTree = "<group>"; };
		24689E8518F8E38300C198F0 /* ShotBotBlueDrinkTests.m */ = {isa = PBXFileReference; lastKnownFileType = sourcecode.c.objc; path = ShotBotBlueDrinkTests.m; sourceTree = "<group>"; };
		24A593D618F93E360091D5A0 /* ShotBotLaunch@2x.png */ = {isa = PBXFileReference; lastKnownFileType = image.png; path = "ShotBotLaunch@2x.png"; sourceTree = "<group>"; };
		5F0BB0F87CCB41B8950F197A /* Pods.xcconfig */ = {isa = PBXFileReference; includeInIndex = 1; lastKnownFileType = text.xcconfig; name = Pods.xcconfig; path = Pods/Pods.xcconfig; sourceTree = "<group>"; };
		96453AA637FD4B1B89DF4C39 /* libPods.a */ = {isa = PBXFileReference; explicitFileType = archive.ar; includeInIndex = 0; path = libPods.a; sourceTree = BUILT_PRODUCTS_DIR; };
		D89525BC1902ED920010F21D /* SBCustomDrinkViewController.h */ = {isa = PBXFileReference; fileEncoding = 4; lastKnownFileType = sourcecode.c.h; path = SBCustomDrinkViewController.h; sourceTree = "<group>"; };
		D89525BD1902ED920010F21D /* SBCustomDrinkViewController.m */ = {isa = PBXFileReference; fileEncoding = 4; lastKnownFileType = sourcecode.c.objc; path = SBCustomDrinkViewController.m; sourceTree = "<group>"; };
/* End PBXFileReference section */

/* Begin PBXFrameworksBuildPhase section */
		24689E5418F8E38300C198F0 /* Frameworks */ = {
			isa = PBXFrameworksBuildPhase;
			buildActionMask = 2147483647;
			files = (
				24689E5D18F8E38300C198F0 /* CoreGraphics.framework in Frameworks */,
				24689E5F18F8E38300C198F0 /* UIKit.framework in Frameworks */,
				24689E5B18F8E38300C198F0 /* Foundation.framework in Frameworks */,
				73BD7FBC4C6E4C0785C4328B /* libPods.a in Frameworks */,
			);
			runOnlyForDeploymentPostprocessing = 0;
		};
		24689E7518F8E38300C198F0 /* Frameworks */ = {
			isa = PBXFrameworksBuildPhase;
			buildActionMask = 2147483647;
			files = (
				24689E7A18F8E38300C198F0 /* XCTest.framework in Frameworks */,
				24689E7C18F8E38300C198F0 /* UIKit.framework in Frameworks */,
				24689E7B18F8E38300C198F0 /* Foundation.framework in Frameworks */,
			);
			runOnlyForDeploymentPostprocessing = 0;
		};
/* End PBXFrameworksBuildPhase section */

/* Begin PBXGroup section */
		24689E4E18F8E38300C198F0 = {
			isa = PBXGroup;
			children = (
				24689E6018F8E38300C198F0 /* ShotBotBlueDrink */,
				24689E7F18F8E38300C198F0 /* ShotBotBlueDrinkTests */,
				24689E5918F8E38300C198F0 /* Frameworks */,
				24689E5818F8E38300C198F0 /* Products */,
				5F0BB0F87CCB41B8950F197A /* Pods.xcconfig */,
			);
			sourceTree = "<group>";
		};
		24689E5818F8E38300C198F0 /* Products */ = {
			isa = PBXGroup;
			children = (
				24689E5718F8E38300C198F0 /* Shotbot I'm Thirsty.app */,
				24689E7818F8E38300C198F0 /* Shotbot I'm ThirstyTests.xctest */,
			);
			name = Products;
			sourceTree = "<group>";
		};
		24689E5918F8E38300C198F0 /* Frameworks */ = {
			isa = PBXGroup;
			children = (
				24689E5A18F8E38300C198F0 /* Foundation.framework */,
				24689E5C18F8E38300C198F0 /* CoreGraphics.framework */,
				24689E5E18F8E38300C198F0 /* UIKit.framework */,
				24689E7918F8E38300C198F0 /* XCTest.framework */,
				96453AA637FD4B1B89DF4C39 /* libPods.a */,
			);
			name = Frameworks;
			sourceTree = "<group>";
		};
		24689E6018F8E38300C198F0 /* ShotBotBlueDrink */ = {
			isa = PBXGroup;
			children = (
				24689E6918F8E38300C198F0 /* SBAppDelegate.h */,
				24689E6A18F8E38300C198F0 /* SBAppDelegate.m */,
				24689E6C18F8E38300C198F0 /* Main.storyboard */,
				D89525BC1902ED920010F21D /* SBCustomDrinkViewController.h */,
				D89525BD1902ED920010F21D /* SBCustomDrinkViewController.m */,
				24689E6F18F8E38300C198F0 /* SBViewController.h */,
				24689E7018F8E38300C198F0 /* SBViewController.m */,
				24689E7218F8E38300C198F0 /* Images.xcassets */,
				24689E6118F8E38300C198F0 /* Supporting Files */,
			);
			path = ShotBotBlueDrink;
			sourceTree = "<group>";
		};
		24689E6118F8E38300C198F0 /* Supporting Files */ = {
			isa = PBXGroup;
			children = (
				24A593D618F93E360091D5A0 /* ShotBotLaunch@2x.png */,
				24689E6218F8E38300C198F0 /* Shotbot I'm Thirsty-Info.plist */,
				24689E6318F8E38300C198F0 /* InfoPlist.strings */,
				24689E6618F8E38300C198F0 /* main.m */,
				24689E6818F8E38300C198F0 /* Shotbot I'm Thirsty-Prefix.pch */,
			);
			name = "Supporting Files";
			sourceTree = "<group>";
		};
		24689E7F18F8E38300C198F0 /* ShotBotBlueDrinkTests */ = {
			isa = PBXGroup;
			children = (
				24689E8518F8E38300C198F0 /* ShotBotBlueDrinkTests.m */,
				24689E8018F8E38300C198F0 /* Supporting Files */,
			);
			path = ShotBotBlueDrinkTests;
			sourceTree = "<group>";
		};
		24689E8018F8E38300C198F0 /* Supporting Files */ = {
			isa = PBXGroup;
			children = (
				24689E8118F8E38300C198F0 /* Shotbot I'm ThirstyTests-Info.plist */,
				24689E8218F8E38300C198F0 /* InfoPlist.strings */,
			);
			name = "Supporting Files";
			sourceTree = "<group>";
		};
/* End PBXGroup section */

/* Begin PBXNativeTarget section */
		24689E5618F8E38300C198F0 /* Shotbot I'm Thirsty */ = {
			isa = PBXNativeTarget;
			buildConfigurationList = 24689E8918F8E38300C198F0 /* Build configuration list for PBXNativeTarget "Shotbot I'm Thirsty" */;
			buildPhases = (
				10224F0BBCA44530A4E6DBFE /* Check Pods Manifest.lock */,
				24689E5318F8E38300C198F0 /* Sources */,
				24689E5418F8E38300C198F0 /* Frameworks */,
				24689E5518F8E38300C198F0 /* Resources */,
				DDEF0FE6583E430F861A570F /* Copy Pods Resources */,
			);
			buildRules = (
			);
			dependencies = (
			);
			name = "Shotbot I'm Thirsty";
			productName = ShotBotBlueDrink;
			productReference = 24689E5718F8E38300C198F0 /* Shotbot I'm Thirsty.app */;
			productType = "com.apple.product-type.application";
		};
		24689E7718F8E38300C198F0 /* Shotbot I'm ThirstyTests */ = {
			isa = PBXNativeTarget;
			buildConfigurationList = 24689E8C18F8E38300C198F0 /* Build configuration list for PBXNativeTarget "Shotbot I'm ThirstyTests" */;
			buildPhases = (
				24689E7418F8E38300C198F0 /* Sources */,
				24689E7518F8E38300C198F0 /* Frameworks */,
				24689E7618F8E38300C198F0 /* Resources */,
			);
			buildRules = (
			);
			dependencies = (
				24689E7E18F8E38300C198F0 /* PBXTargetDependency */,
			);
			name = "Shotbot I'm ThirstyTests";
			productName = ShotBotBlueDrinkTests;
			productReference = 24689E7818F8E38300C198F0 /* Shotbot I'm ThirstyTests.xctest */;
			productType = "com.apple.product-type.bundle.unit-test";
		};
/* End PBXNativeTarget section */

/* Begin PBXProject section */
		24689E4F18F8E38300C198F0 /* Project object */ = {
			isa = PBXProject;
			attributes = {
				CLASSPREFIX = SB;
				LastUpgradeCheck = 0510;
				ORGANIZATIONNAME = "Chad Newbry";
				TargetAttributes = {
					24689E7718F8E38300C198F0 = {
						TestTargetID = 24689E5618F8E38300C198F0;
					};
				};
			};
			buildConfigurationList = 24689E5218F8E38300C198F0 /* Build configuration list for PBXProject "Shotbot I'm Thirsty" */;
			compatibilityVersion = "Xcode 3.2";
			developmentRegion = English;
			hasScannedForEncodings = 0;
			knownRegions = (
				en,
				Base,
			);
			mainGroup = 24689E4E18F8E38300C198F0;
			productRefGroup = 24689E5818F8E38300C198F0 /* Products */;
			projectDirPath = "";
			projectRoot = "";
			targets = (
				24689E5618F8E38300C198F0 /* Shotbot I'm Thirsty */,
				24689E7718F8E38300C198F0 /* Shotbot I'm ThirstyTests */,
			);
		};
/* End PBXProject section */

/* Begin PBXResourcesBuildPhase section */
		24689E5518F8E38300C198F0 /* Resources */ = {
			isa = PBXResourcesBuildPhase;
			buildActionMask = 2147483647;
			files = (
				24689E7318F8E38300C198F0 /* Images.xcassets in Resources */,
				24689E6518F8E38300C198F0 /* InfoPlist.strings in Resources */,
				24A593D718F93E360091D5A0 /* ShotBotLaunch@2x.png in Resources */,
				24689E6E18F8E38300C198F0 /* Main.storyboard in Resources */,
			);
			runOnlyForDeploymentPostprocessing = 0;
		};
		24689E7618F8E38300C198F0 /* Resources */ = {
			isa = PBXResourcesBuildPhase;
			buildActionMask = 2147483647;
			files = (
				24689E8418F8E38300C198F0 /* InfoPlist.strings in Resources */,
			);
			runOnlyForDeploymentPostprocessing = 0;
		};
/* End PBXResourcesBuildPhase section */

/* Begin PBXShellScriptBuildPhase section */
		10224F0BBCA44530A4E6DBFE /* Check Pods Manifest.lock */ = {
			isa = PBXShellScriptBuildPhase;
			buildActionMask = 2147483647;
			files = (
			);
			inputPaths = (
			);
			name = "Check Pods Manifest.lock";
			outputPaths = (
			);
			runOnlyForDeploymentPostprocessing = 0;
			shellPath = /bin/sh;
			shellScript = "diff \"${PODS_ROOT}/../Podfile.lock\" \"${PODS_ROOT}/Manifest.lock\" > /dev/null\nif [[ $? != 0 ]] ; then\n    cat << EOM\nerror: The sandbox is not in sync with the Podfile.lock. Run 'pod install' or update your CocoaPods installation.\nEOM\n    exit 1\nfi\n";
			showEnvVarsInLog = 0;
		};
		DDEF0FE6583E430F861A570F /* Copy Pods Resources */ = {
			isa = PBXShellScriptBuildPhase;
			buildActionMask = 2147483647;
			files = (
			);
			inputPaths = (
			);
			name = "Copy Pods Resources";
			outputPaths = (
			);
			runOnlyForDeploymentPostprocessing = 0;
			shellPath = /bin/sh;
			shellScript = "\"${SRCROOT}/Pods/Pods-resources.sh\"\n";
			showEnvVarsInLog = 0;
		};
/* End PBXShellScriptBuildPhase section */

/* Begin PBXSourcesBuildPhase section */
		24689E5318F8E38300C198F0 /* Sources */ = {
			isa = PBXSourcesBuildPhase;
			buildActionMask = 2147483647;
			files = (
				24689E6718F8E38300C198F0 /* main.m in Sources */,
				24689E7118F8E38300C198F0 /* SBViewController.m in Sources */,
				24689E6B18F8E38300C198F0 /* SBAppDelegate.m in Sources */,
				D89525BE1902ED920010F21D /* SBCustomDrinkViewController.m in Sources */,
			);
			runOnlyForDeploymentPostprocessing = 0;
		};
		24689E7418F8E38300C198F0 /* Sources */ = {
			isa = PBXSourcesBuildPhase;
			buildActionMask = 2147483647;
			files = (
				24689E8618F8E38300C198F0 /* ShotBotBlueDrinkTests.m in Sources */,
			);
			runOnlyForDeploymentPostprocessing = 0;
		};
/* End PBXSourcesBuildPhase section */

/* Begin PBXTargetDependency section */
		24689E7E18F8E38300C198F0 /* PBXTargetDependency */ = {
			isa = PBXTargetDependency;
			target = 24689E5618F8E38300C198F0 /* Shotbot I'm Thirsty */;
			targetProxy = 24689E7D18F8E38300C198F0 /* PBXContainerItemProxy */;
		};
/* End PBXTargetDependency section */

/* Begin PBXVariantGroup section */
		24689E6318F8E38300C198F0 /* InfoPlist.strings */ = {
			isa = PBXVariantGroup;
			children = (
				24689E6418F8E38300C198F0 /* en */,
			);
			name = InfoPlist.strings;
			sourceTree = "<group>";
		};
		24689E6C18F8E38300C198F0 /* Main.storyboard */ = {
			isa = PBXVariantGroup;
			children = (
				24689E6D18F8E38300C198F0 /* Base */,
			);
			name = Main.storyboard;
			sourceTree = "<group>";
		};
		24689E8218F8E38300C198F0 /* InfoPlist.strings */ = {
			isa = PBXVariantGroup;
			children = (
				24689E8318F8E38300C198F0 /* en */,
			);
			name = InfoPlist.strings;
			sourceTree = "<group>";
		};
/* End PBXVariantGroup section */

/* Begin XCBuildConfiguration section */
		24689E8718F8E38300C198F0 /* Debug */ = {
			isa = XCBuildConfiguration;
			buildSettings = {
				ALWAYS_SEARCH_USER_PATHS = NO;
				CLANG_CXX_LANGUAGE_STANDARD = "gnu++0x";
				CLANG_CXX_LIBRARY = "libc++";
				CLANG_ENABLE_MODULES = YES;
				CLANG_ENABLE_OBJC_ARC = YES;
				CLANG_WARN_BOOL_CONVERSION = YES;
				CLANG_WARN_CONSTANT_CONVERSION = YES;
				CLANG_WARN_DIRECT_OBJC_ISA_USAGE = YES_ERROR;
				CLANG_WARN_EMPTY_BODY = YES;
				CLANG_WARN_ENUM_CONVERSION = YES;
				CLANG_WARN_INT_CONVERSION = YES;
				CLANG_WARN_OBJC_ROOT_CLASS = YES_ERROR;
				CLANG_WARN__DUPLICATE_METHOD_MATCH = YES;
				"CODE_SIGN_IDENTITY[sdk=iphoneos*]" = "iPhone Developer";
				COPY_PHASE_STRIP = NO;
				GCC_C_LANGUAGE_STANDARD = gnu99;
				GCC_DYNAMIC_NO_PIC = NO;
				GCC_OPTIMIZATION_LEVEL = 0;
				GCC_PREPROCESSOR_DEFINITIONS = (
					"DEBUG=1",
					"$(inherited)",
				);
				GCC_SYMBOLS_PRIVATE_EXTERN = NO;
				GCC_WARN_64_TO_32_BIT_CONVERSION = YES;
				GCC_WARN_ABOUT_RETURN_TYPE = YES_ERROR;
				GCC_WARN_UNDECLARED_SELECTOR = YES;
				GCC_WARN_UNINITIALIZED_AUTOS = YES_AGGRESSIVE;
				GCC_WARN_UNUSED_FUNCTION = YES;
				GCC_WARN_UNUSED_VARIABLE = YES;
				IPHONEOS_DEPLOYMENT_TARGET = 7.1;
				ONLY_ACTIVE_ARCH = YES;
				SDKROOT = iphoneos;
			};
			name = Debug;
		};
		24689E8818F8E38300C198F0 /* Release */ = {
			isa = XCBuildConfiguration;
			buildSettings = {
				ALWAYS_SEARCH_USER_PATHS = NO;
				CLANG_CXX_LANGUAGE_STANDARD = "gnu++0x";
				CLANG_CXX_LIBRARY = "libc++";
				CLANG_ENABLE_MODULES = YES;
				CLANG_ENABLE_OBJC_ARC = YES;
				CLANG_WARN_BOOL_CONVERSION = YES;
				CLANG_WARN_CONSTANT_CONVERSION = YES;
				CLANG_WARN_DIRECT_OBJC_ISA_USAGE = YES_ERROR;
				CLANG_WARN_EMPTY_BODY = YES;
				CLANG_WARN_ENUM_CONVERSION = YES;
				CLANG_WARN_INT_CONVERSION = YES;
				CLANG_WARN_OBJC_ROOT_CLASS = YES_ERROR;
				CLANG_WARN__DUPLICATE_METHOD_MATCH = YES;
				"CODE_SIGN_IDENTITY[sdk=iphoneos*]" = "iPhone Developer";
				COPY_PHASE_STRIP = YES;
				ENABLE_NS_ASSERTIONS = NO;
				GCC_C_LANGUAGE_STANDARD = gnu99;
				GCC_WARN_64_TO_32_BIT_CONVERSION = YES;
				GCC_WARN_ABOUT_RETURN_TYPE = YES_ERROR;
				GCC_WARN_UNDECLARED_SELECTOR = YES;
				GCC_WARN_UNINITIALIZED_AUTOS = YES_AGGRESSIVE;
				GCC_WARN_UNUSED_FUNCTION = YES;
				GCC_WARN_UNUSED_VARIABLE = YES;
				IPHONEOS_DEPLOYMENT_TARGET = 7.1;
				SDKROOT = iphoneos;
				VALIDATE_PRODUCT = YES;
			};
			name = Release;
		};
		24689E8A18F8E38300C198F0 /* Debug */ = {
			isa = XCBuildConfiguration;
			baseConfigurationReference = 5F0BB0F87CCB41B8950F197A /* Pods.xcconfig */;
			buildSettings = {
				ASSETCATALOG_COMPILER_APPICON_NAME = AppIcon;
				ASSETCATALOG_COMPILER_LAUNCHIMAGE_NAME = LaunchImage;
				GCC_PRECOMPILE_PREFIX_HEADER = YES;
				GCC_PREFIX_HEADER = "ShotBotBlueDrink/Shotbot I'm Thirsty-Prefix.pch";
				INFOPLIST_FILE = "ShotBotBlueDrink/Shotbot I'm Thirsty-Info.plist";
				PRODUCT_NAME = "Shotbot I'm Thirsty";
				WRAPPER_EXTENSION = app;
			};
			name = Debug;
		};
		24689E8B18F8E38300C198F0 /* Release */ = {
			isa = XCBuildConfiguration;
			baseConfigurationReference = 5F0BB0F87CCB41B8950F197A /* Pods.xcconfig */;
			buildSettings = {
				ASSETCATALOG_COMPILER_APPICON_NAME = AppIcon;
				ASSETCATALOG_COMPILER_LAUNCHIMAGE_NAME = LaunchImage;
				GCC_PRECOMPILE_PREFIX_HEADER = YES;
				GCC_PREFIX_HEADER = "ShotBotBlueDrink/Shotbot I'm Thirsty-Prefix.pch";
				INFOPLIST_FILE = "ShotBotBlueDrink/Shotbot I'm Thirsty-Info.plist";
				PRODUCT_NAME = "Shotbot I'm Thirsty";
				WRAPPER_EXTENSION = app;
			};
			name = Release;
		};
		24689E8D18F8E38300C198F0 /* Debug */ = {
			isa = XCBuildConfiguration;
			buildSettings = {
				BUNDLE_LOADER = "$(BUILT_PRODUCTS_DIR)/ShotBotBlueDrink.app/ShotBotBlueDrink";
				FRAMEWORK_SEARCH_PATHS = (
					"$(SDKROOT)/Developer/Library/Frameworks",
					"$(inherited)",
					"$(DEVELOPER_FRAMEWORKS_DIR)",
				);
				GCC_PRECOMPILE_PREFIX_HEADER = YES;
				GCC_PREFIX_HEADER = "ShotBotBlueDrink/ShotBotBlueDrink-Prefix.pch";
				GCC_PREPROCESSOR_DEFINITIONS = (
					"DEBUG=1",
					"$(inherited)",
				);
				INFOPLIST_FILE = "ShotBotBlueDrinkTests/Shotbot I'm ThirstyTests-Info.plist";
				PRODUCT_NAME = "Shotbot I'm ThirstyTests";
				TEST_HOST = "$(BUNDLE_LOADER)";
				WRAPPER_EXTENSION = xctest;
			};
			name = Debug;
		};
		24689E8E18F8E38300C198F0 /* Release */ = {
			isa = XCBuildConfiguration;
			buildSettings = {
				BUNDLE_LOADER = "$(BUILT_PRODUCTS_DIR)/ShotBotBlueDrink.app/ShotBotBlueDrink";
				FRAMEWORK_SEARCH_PATHS = (
					"$(SDKROOT)/Developer/Library/Frameworks",
					"$(inherited)",
					"$(DEVELOPER_FRAMEWORKS_DIR)",
				);
				GCC_PRECOMPILE_PREFIX_HEADER = YES;
				GCC_PREFIX_HEADER = "ShotBotBlueDrink/ShotBotBlueDrink-Prefix.pch";
				INFOPLIST_FILE = "ShotBotBlueDrinkTests/Shotbot I'm ThirstyTests-Info.plist";
				PRODUCT_NAME = "Shotbot I'm ThirstyTests";
				TEST_HOST = "$(BUNDLE_LOADER)";
				WRAPPER_EXTENSION = xctest;
			};
			name = Release;
		};
/* End XCBuildConfiguration section */

/* Begin XCConfigurationList section */
		24689E5218F8E38300C198F0 /* Build configuration list for PBXProject "Shotbot I'm Thirsty" */ = {
			isa = XCConfigurationList;
			buildConfigurations = (
				24689E8718F8E38300C198F0 /* Debug */,
				24689E8818F8E38300C198F0 /* Release */,
			);
			defaultConfigurationIsVisible = 0;
			defaultConfigurationName = Release;
		};
		24689E8918F8E38300C198F0 /* Build configuration list for PBXNativeTarget "Shotbot I'm Thirsty" */ = {
			isa = XCConfigurationList;
			buildConfigurations = (
				24689E8A18F8E38300C198F0 /* Debug */,
				24689E8B18F8E38300C198F0 /* Release */,
			);
			defaultConfigurationIsVisible = 0;
			defaultConfigurationName = Release;
		};
		24689E8C18F8E38300C198F0 /* Build configuration list for PBXNativeTarget "Shotbot I'm ThirstyTests" */ = {
			isa = XCConfigurationList;
			buildConfigurations = (
				24689E8D18F8E38300C198F0 /* Debug */,
				24689E8E18F8E38300C198F0 /* Release */,
			);
			defaultConfigurationIsVisible = 0;
			defaultConfigurationName = Release;
		};
/* End XCConfigurationList section */
	};
	rootObject = 24689E4F18F8E38300C198F0 /* Project object */;
}
